# maca.lock — generated by `maca add`/`maca update`; do not edit.

[[package]]
name = "daisyui"
version = "4.12.24"
request = "npm:daisyui@^4"
source = "npm:daisyui"
resolved = "https://registry.npmjs.org/daisyui/-/daisyui-4.12.24.tgz"
integrity = "sha512-JYg9fhQHOfXyLadrBrEqCDM6D5dWCSSiM6eTNCRrBRzx/VlOCrLS8eDfIw9RVvs64v2mJdLooKXY8EwQzoszAA=="

[[package]]
name = "iconify-icon"
version = "3.0.2"
request = "npm:iconify-icon"
source = "npm:iconify-icon"
resolved = "https://registry.npmjs.org/iconify-icon/-/iconify-icon-3.0.2.tgz"
integrity = "sha512-DYPAumiUeUeT/GHT8x2wrAVKn1FqZJqFH0Y5pBefapWRreV1BBvqBVMb0020YQ2njmbR59r/IathL2d2OrDrxA=="
